{
  "requires": true,
  "lockfileVersion": 1,
  "dependencies": {
    "purecss": {
      "version": "2.0.5",
      "resolved": "https://registry.npmjs.org/purecss/-/purecss-2.0.5.tgz",
      "integrity": "sha512-T9yg6NwJf1fgjUs+Vo0cEhHAR7lnkYbqhNYGdKzL9KjZ0ZECvvYZ2pgvOTN3jDa+1mpouMFaskuffG+lOADwxQ=="
    }
  }
}
